# THIS IS AN AUTOGENERATED FILE. DO NOT EDIT THIS FILE DIRECTLY.
# yarn lockfile v1


core-js@^3.6.4:
  version "3.6.4"
  resolved "https://registry.yarnpkg.com/core-js/-/core-js-3.6.4.tgz#440a83536b458114b9cb2ac1580ba377dc470647"
  integrity sha512-4paDGScNgZP2IXXilaffL9X7968RuvwlkK3xWtZRVqgd8SYNiVKRJvkFd1aqqEuPfN7E68ZHEp9hDj6lHj4Hyw==
